
Microsoft Visual Studio Solution File, Format Version 12.00
# Visual Studio Version 16
VisualStudioVersion = 16.0.29728.190
MinimumVisualStudioVersion = 10.0.40219.1
Project("{FAE04EC0-301F-11D3-BF4B-00C04F79EFBC}") = "Decorator", "PatternsExamples\Decorator.csproj", "{BDBDEF40-96B2-4FE2-BBE3-956DA9D71378}"
EndProject
Project("{FAE04EC0-301F-11D3-BF4B-00C04F79EFBC}") = "Adapter", "Adapter\Adapter.csproj", "{93FC7A1E-B168-4C92-AAA7-14D68BA10D9E}"
EndProject
Project("{FAE04EC0-301F-11D3-BF4B-00C04F79EFBC}") = "Facade", "Facade\Facade.csproj", "{D737E136-5F2D-4C5D-A2C9-1E059D037278}"
EndProject
Project("{FAE04EC0-301F-11D3-BF4B-00C04F79EFBC}") = "Composite", "Composite\Composite.csproj", "{868DE1D3-CB62-4321-9646-B4F2266349D1}"
EndProject
Project("{FAE04EC0-301F-11D3-BF4B-00C04F79EFBC}") = "Proxy", "StructuralProxy\Proxy.csproj", "{D0AF997F-A8A1-4B03-A4A5-39F514122524}"
EndProject
Project("{FAE04EC0-301F-11D3-BF4B-00C04F79EFBC}") = "Bridge", "StructuralBridge\Bridge.csproj", "{EF63F799-3874-417E-82FC-72AE09968B5E}"
EndProject
Project("{FAE04EC0-301F-11D3-BF4B-00C04F79EFBC}") = "Flyweight", "StructuralFlyweight\Flyweight.csproj", "{5A25595D-8BFE-46C2-AE43-70EAA9014F8E}"
EndProject
Project("{2150E333-8FDC-42A3-9474-1A3956D46DE8}") = "Creational patterns", "Creational patterns", "{107F537C-161D-4A22-B8C1-E68A8A92F92A}"
EndProject
Project("{FAE04EC0-301F-11D3-BF4B-00C04F79EFBC}") = "Factory Method", "Factory Method\Factory Method.csproj", "{38F5AF87-E182-455F-AF39-39C50E73C688}"
EndProject
Project("{2150E333-8FDC-42A3-9474-1A3956D46DE8}") = "Structural patterns", "Structural patterns", "{89479E8C-022D-459A-A161-D8C16F1AF4DF}"
EndProject
Project("{2150E333-8FDC-42A3-9474-1A3956D46DE8}") = "Behavior patterns", "Behavior patterns", "{7B2F2D80-86D0-4639-8E61-92C1E30C4BD0}"
EndProject
Project("{FAE04EC0-301F-11D3-BF4B-00C04F79EFBC}") = "Abstract Factory", "Abstract Factory\Abstract Factory.csproj", "{4F917FDD-31E6-4B6A-BD60-4F37E9270CD5}"
EndProject
Project("{FAE04EC0-301F-11D3-BF4B-00C04F79EFBC}") = "Singleton", "Singleton\Singleton.csproj", "{FAA4C829-9E87-4A84-8C30-B3EDF8764576}"
EndProject
Project("{FAE04EC0-301F-11D3-BF4B-00C04F79EFBC}") = "Prototype", "Prototype\Prototype.csproj", "{65A6C37B-7A8C-4948-BDF1-F0A584A22781}"
EndProject
Project("{FAE04EC0-301F-11D3-BF4B-00C04F79EFBC}") = "Builder", "Builder\Builder.csproj", "{F88A1143-B22D-4531-98F8-4C46E6B71D5E}"
EndProject
Project("{FAE04EC0-301F-11D3-BF4B-00C04F79EFBC}") = "Strategy", "Strategy\Strategy.csproj", "{2CA3F20F-F8C1-41FA-B474-DF4F6C6100F8}"
EndProject
Project("{FAE04EC0-301F-11D3-BF4B-00C04F79EFBC}") = "Observer", "Observer\Observer.csproj", "{4971F336-FA81-4222-82A3-0E2AF4047412}"
EndProject
Project("{FAE04EC0-301F-11D3-BF4B-00C04F79EFBC}") = "Command", "Command\Command.csproj", "{E65853A1-0187-4BD0-8AB1-1BD85D8786A1}"
EndProject
Project("{FAE04EC0-301F-11D3-BF4B-00C04F79EFBC}") = "Template Method", "Template Method\Template Method.csproj", "{710FB7A3-10DB-4139-B8BF-A8ED6210571E}"
EndProject
Project("{FAE04EC0-301F-11D3-BF4B-00C04F79EFBC}") = "Iterator", "Iterator\Iterator.csproj", "{BBCD7C0A-37CE-4A3A-8669-53EB869BD85B}"
EndProject
Project("{FAE04EC0-301F-11D3-BF4B-00C04F79EFBC}") = "State", "State\State.csproj", "{536FD51A-F0B1-4A26-903B-B5B941B0E3F0}"
EndProject
Project("{FAE04EC0-301F-11D3-BF4B-00C04F79EFBC}") = "Chain of responsibility", "Chain of responsibility\Chain of responsibility.csproj", "{7AC90467-BFD9-4964-B19A-DB961798142A}"
EndProject
Project("{FAE04EC0-301F-11D3-BF4B-00C04F79EFBC}") = "Interpreter", "Interpreter\Interpreter.csproj", "{AF76917D-5FBB-411C-8C46-323B64F41680}"
EndProject
Project("{FAE04EC0-301F-11D3-BF4B-00C04F79EFBC}") = "Mediator", "Mediator\Mediator.csproj", "{356033A5-390C-47AB-B9A4-90689F767469}"
EndProject
Project("{FAE04EC0-301F-11D3-BF4B-00C04F79EFBC}") = "Memento", "Memento\Memento.csproj", "{E890F69F-BC52-4708-AD25-A6B8C0D985EF}"
EndProject
Project("{FAE04EC0-301F-11D3-BF4B-00C04F79EFBC}") = "Visitor", "Visitor\Visitor.csproj", "{BA6F1E5A-2DA8-49E7-8F31-F62F2AB6DE0B}"
EndProject
Global
	GlobalSection(SolutionConfigurationPlatforms) = preSolution
		Debug|Any CPU = Debug|Any CPU
		Release|Any CPU = Release|Any CPU
	EndGlobalSection
	GlobalSection(ProjectConfigurationPlatforms) = postSolution
		{BDBDEF40-96B2-4FE2-BBE3-956DA9D71378}.Debug|Any CPU.ActiveCfg = Debug|Any CPU
		{BDBDEF40-96B2-4FE2-BBE3-956DA9D71378}.Debug|Any CPU.Build.0 = Debug|Any CPU
		{BDBDEF40-96B2-4FE2-BBE3-956DA9D71378}.Release|Any CPU.ActiveCfg = Release|Any CPU
		{BDBDEF40-96B2-4FE2-BBE3-956DA9D71378}.Release|Any CPU.Build.0 = Release|Any CPU
		{93FC7A1E-B168-4C92-AAA7-14D68BA10D9E}.Debug|Any CPU.ActiveCfg = Debug|Any CPU
		{93FC7A1E-B168-4C92-AAA7-14D68BA10D9E}.Debug|Any CPU.Build.0 = Debug|Any CPU
		{93FC7A1E-B168-4C92-AAA7-14D68BA10D9E}.Release|Any CPU.ActiveCfg = Release|Any CPU
		{93FC7A1E-B168-4C92-AAA7-14D68BA10D9E}.Release|Any CPU.Build.0 = Release|Any CPU
		{D737E136-5F2D-4C5D-A2C9-1E059D037278}.Debug|Any CPU.ActiveCfg = Debug|Any CPU
		{D737E136-5F2D-4C5D-A2C9-1E059D037278}.Debug|Any CPU.Build.0 = Debug|Any CPU
		{D737E136-5F2D-4C5D-A2C9-1E059D037278}.Release|Any CPU.ActiveCfg = Release|Any CPU
		{D737E136-5F2D-4C5D-A2C9-1E059D037278}.Release|Any CPU.Build.0 = Release|Any CPU
		{868DE1D3-CB62-4321-9646-B4F2266349D1}.Debug|Any CPU.ActiveCfg = Debug|Any CPU
		{868DE1D3-CB62-4321-9646-B4F2266349D1}.Debug|Any CPU.Build.0 = Debug|Any CPU
		{868DE1D3-CB62-4321-9646-B4F2266349D1}.Release|Any CPU.ActiveCfg = Release|Any CPU
		{868DE1D3-CB62-4321-9646-B4F2266349D1}.Release|Any CPU.Build.0 = Release|Any CPU
		{D0AF997F-A8A1-4B03-A4A5-39F514122524}.Debug|Any CPU.ActiveCfg = Debug|Any CPU
		{D0AF997F-A8A1-4B03-A4A5-39F514122524}.Debug|Any CPU.Build.0 = Debug|Any CPU
		{D0AF997F-A8A1-4B03-A4A5-39F514122524}.Release|Any CPU.ActiveCfg = Release|Any CPU
		{D0AF997F-A8A1-4B03-A4A5-39F514122524}.Release|Any CPU.Build.0 = Release|Any CPU
		{EF63F799-3874-417E-82FC-72AE09968B5E}.Debug|Any CPU.ActiveCfg = Debug|Any CPU
		{EF63F799-3874-417E-82FC-72AE09968B5E}.Debug|Any CPU.Build.0 = Debug|Any CPU
		{EF63F799-3874-417E-82FC-72AE09968B5E}.Release|Any CPU.ActiveCfg = Release|Any CPU
		{EF63F799-3874-417E-82FC-72AE09968B5E}.Release|Any CPU.Build.0 = Release|Any CPU
		{5A25595D-8BFE-46C2-AE43-70EAA9014F8E}.Debug|Any CPU.ActiveCfg = Debug|Any CPU
		{5A25595D-8BFE-46C2-AE43-70EAA9014F8E}.Debug|Any CPU.Build.0 = Debug|Any CPU
		{5A25595D-8BFE-46C2-AE43-70EAA9014F8E}.Release|Any CPU.ActiveCfg = Release|Any CPU
		{5A25595D-8BFE-46C2-AE43-70EAA9014F8E}.Release|Any CPU.Build.0 = Release|Any CPU
		{38F5AF87-E182-455F-AF39-39C50E73C688}.Debug|Any CPU.ActiveCfg = Debug|Any CPU
		{38F5AF87-E182-455F-AF39-39C50E73C688}.Debug|Any CPU.Build.0 = Debug|Any CPU
		{38F5AF87-E182-455F-AF39-39C50E73C688}.Release|Any CPU.ActiveCfg = Release|Any CPU
		{38F5AF87-E182-455F-AF39-39C50E73C688}.Release|Any CPU.Build.0 = Release|Any CPU
		{4F917FDD-31E6-4B6A-BD60-4F37E9270CD5}.Debug|Any CPU.ActiveCfg = Debug|Any CPU
		{4F917FDD-31E6-4B6A-BD60-4F37E9270CD5}.Debug|Any CPU.Build.0 = Debug|Any CPU
		{4F917FDD-31E6-4B6A-BD60-4F37E9270CD5}.Release|Any CPU.ActiveCfg = Release|Any CPU
		{4F917FDD-31E6-4B6A-BD60-4F37E9270CD5}.Release|Any CPU.Build.0 = Release|Any CPU
		{FAA4C829-9E87-4A84-8C30-B3EDF8764576}.Debug|Any CPU.ActiveCfg = Debug|Any CPU
		{FAA4C829-9E87-4A84-8C30-B3EDF8764576}.Debug|Any CPU.Build.0 = Debug|Any CPU
		{FAA4C829-9E87-4A84-8C30-B3EDF8764576}.Release|Any CPU.ActiveCfg = Release|Any CPU
		{FAA4C829-9E87-4A84-8C30-B3EDF8764576}.Release|Any CPU.Build.0 = Release|Any CPU
		{65A6C37B-7A8C-4948-BDF1-F0A584A22781}.Debug|Any CPU.ActiveCfg = Debug|Any CPU
		{65A6C37B-7A8C-4948-BDF1-F0A584A22781}.Debug|Any CPU.Build.0 = Debug|Any CPU
		{65A6C37B-7A8C-4948-BDF1-F0A584A22781}.Release|Any CPU.ActiveCfg = Release|Any CPU
		{65A6C37B-7A8C-4948-BDF1-F0A584A22781}.Release|Any CPU.Build.0 = Release|Any CPU
		{F88A1143-B22D-4531-98F8-4C46E6B71D5E}.Debug|Any CPU.ActiveCfg = Debug|Any CPU
		{F88A1143-B22D-4531-98F8-4C46E6B71D5E}.Debug|Any CPU.Build.0 = Debug|Any CPU
		{F88A1143-B22D-4531-98F8-4C46E6B71D5E}.Release|Any CPU.ActiveCfg = Release|Any CPU
		{F88A1143-B22D-4531-98F8-4C46E6B71D5E}.Release|Any CPU.Build.0 = Release|Any CPU
		{2CA3F20F-F8C1-41FA-B474-DF4F6C6100F8}.Debug|Any CPU.ActiveCfg = Debug|Any CPU
		{2CA3F20F-F8C1-41FA-B474-DF4F6C6100F8}.Debug|Any CPU.Build.0 = Debug|Any CPU
		{2CA3F20F-F8C1-41FA-B474-DF4F6C6100F8}.Release|Any CPU.ActiveCfg = Release|Any CPU
		{2CA3F20F-F8C1-41FA-B474-DF4F6C6100F8}.Release|Any CPU.Build.0 = Release|Any CPU
		{4971F336-FA81-4222-82A3-0E2AF4047412}.Debug|Any CPU.ActiveCfg = Debug|Any CPU
		{4971F336-FA81-4222-82A3-0E2AF4047412}.Debug|Any CPU.Build.0 = Debug|Any CPU
		{4971F336-FA81-4222-82A3-0E2AF4047412}.Release|Any CPU.ActiveCfg = Release|Any CPU
		{4971F336-FA81-4222-82A3-0E2AF4047412}.Release|Any CPU.Build.0 = Release|Any CPU
		{E65853A1-0187-4BD0-8AB1-1BD85D8786A1}.Debug|Any CPU.ActiveCfg = Debug|Any CPU
		{E65853A1-0187-4BD0-8AB1-1BD85D8786A1}.Debug|Any CPU.Build.0 = Debug|Any CPU
		{E65853A1-0187-4BD0-8AB1-1BD85D8786A1}.Release|Any CPU.ActiveCfg = Release|Any CPU
		{E65853A1-0187-4BD0-8AB1-1BD85D8786A1}.Release|Any CPU.Build.0 = Release|Any CPU
		{710FB7A3-10DB-4139-B8BF-A8ED6210571E}.Debug|Any CPU.ActiveCfg = Debug|Any CPU
		{710FB7A3-10DB-4139-B8BF-A8ED6210571E}.Debug|Any CPU.Build.0 = Debug|Any CPU
		{710FB7A3-10DB-4139-B8BF-A8ED6210571E}.Release|Any CPU.ActiveCfg = Release|Any CPU
		{710FB7A3-10DB-4139-B8BF-A8ED6210571E}.Release|Any CPU.Build.0 = Release|Any CPU
		{BBCD7C0A-37CE-4A3A-8669-53EB869BD85B}.Debug|Any CPU.ActiveCfg = Debug|Any CPU
		{BBCD7C0A-37CE-4A3A-8669-53EB869BD85B}.Debug|Any CPU.Build.0 = Debug|Any CPU
		{BBCD7C0A-37CE-4A3A-8669-53EB869BD85B}.Release|Any CPU.ActiveCfg = Release|Any CPU
		{BBCD7C0A-37CE-4A3A-8669-53EB869BD85B}.Release|Any CPU.Build.0 = Release|Any CPU
		{536FD51A-F0B1-4A26-903B-B5B941B0E3F0}.Debug|Any CPU.ActiveCfg = Debug|Any CPU
		{536FD51A-F0B1-4A26-903B-B5B941B0E3F0}.Debug|Any CPU.Build.0 = Debug|Any CPU
		{536FD51A-F0B1-4A26-903B-B5B941B0E3F0}.Release|Any CPU.ActiveCfg = Release|Any CPU
		{536FD51A-F0B1-4A26-903B-B5B941B0E3F0}.Release|Any CPU.Build.0 = Release|Any CPU
		{7AC90467-BFD9-4964-B19A-DB961798142A}.Debug|Any CPU.ActiveCfg = Debug|Any CPU
		{7AC90467-BFD9-4964-B19A-DB961798142A}.Debug|Any CPU.Build.0 = Debug|Any CPU
		{7AC90467-BFD9-4964-B19A-DB961798142A}.Release|Any CPU.ActiveCfg = Release|Any CPU
		{7AC90467-BFD9-4964-B19A-DB961798142A}.Release|Any CPU.Build.0 = Release|Any CPU
		{AF76917D-5FBB-411C-8C46-323B64F41680}.Debug|Any CPU.ActiveCfg = Debug|Any CPU
		{AF76917D-5FBB-411C-8C46-323B64F41680}.Debug|Any CPU.Build.0 = Debug|Any CPU
		{AF76917D-5FBB-411C-8C46-323B64F41680}.Release|Any CPU.ActiveCfg = Release|Any CPU
		{AF76917D-5FBB-411C-8C46-323B64F41680}.Release|Any CPU.Build.0 = Release|Any CPU
		{356033A5-390C-47AB-B9A4-90689F767469}.Debug|Any CPU.ActiveCfg = Debug|Any CPU
		{356033A5-390C-47AB-B9A4-90689F767469}.Debug|Any CPU.Build.0 = Debug|Any CPU
		{356033A5-390C-47AB-B9A4-90689F767469}.Release|Any CPU.ActiveCfg = Release|Any CPU
		{356033A5-390C-47AB-B9A4-90689F767469}.Release|Any CPU.Build.0 = Release|Any CPU
		{E890F69F-BC52-4708-AD25-A6B8C0D985EF}.Debug|Any CPU.ActiveCfg = Debug|Any CPU
		{E890F69F-BC52-4708-AD25-A6B8C0D985EF}.Debug|Any CPU.Build.0 = Debug|Any CPU
		{E890F69F-BC52-4708-AD25-A6B8C0D985EF}.Release|Any CPU.ActiveCfg = Release|Any CPU
		{E890F69F-BC52-4708-AD25-A6B8C0D985EF}.Release|Any CPU.Build.0 = Release|Any CPU
		{BA6F1E5A-2DA8-49E7-8F31-F62F2AB6DE0B}.Debug|Any CPU.ActiveCfg = Debug|Any CPU
		{BA6F1E5A-2DA8-49E7-8F31-F62F2AB6DE0B}.Debug|Any CPU.Build.0 = Debug|Any CPU
		{BA6F1E5A-2DA8-49E7-8F31-F62F2AB6DE0B}.Release|Any CPU.ActiveCfg = Release|Any CPU
		{BA6F1E5A-2DA8-49E7-8F31-F62F2AB6DE0B}.Release|Any CPU.Build.0 = Release|Any CPU
	EndGlobalSection
	GlobalSection(SolutionProperties) = preSolution
		HideSolutionNode = FALSE
	EndGlobalSection
	GlobalSection(NestedProjects) = preSolution
		{BDBDEF40-96B2-4FE2-BBE3-956DA9D71378} = {89479E8C-022D-459A-A161-D8C16F1AF4DF}
		{93FC7A1E-B168-4C92-AAA7-14D68BA10D9E} = {89479E8C-022D-459A-A161-D8C16F1AF4DF}
		{D737E136-5F2D-4C5D-A2C9-1E059D037278} = {89479E8C-022D-459A-A161-D8C16F1AF4DF}
		{868DE1D3-CB62-4321-9646-B4F2266349D1} = {89479E8C-022D-459A-A161-D8C16F1AF4DF}
		{D0AF997F-A8A1-4B03-A4A5-39F514122524} = {89479E8C-022D-459A-A161-D8C16F1AF4DF}
		{EF63F799-3874-417E-82FC-72AE09968B5E} = {89479E8C-022D-459A-A161-D8C16F1AF4DF}
		{5A25595D-8BFE-46C2-AE43-70EAA9014F8E} = {89479E8C-022D-459A-A161-D8C16F1AF4DF}
		{38F5AF87-E182-455F-AF39-39C50E73C688} = {107F537C-161D-4A22-B8C1-E68A8A92F92A}
		{4F917FDD-31E6-4B6A-BD60-4F37E9270CD5} = {107F537C-161D-4A22-B8C1-E68A8A92F92A}
		{FAA4C829-9E87-4A84-8C30-B3EDF8764576} = {107F537C-161D-4A22-B8C1-E68A8A92F92A}
		{65A6C37B-7A8C-4948-BDF1-F0A584A22781} = {107F537C-161D-4A22-B8C1-E68A8A92F92A}
		{F88A1143-B22D-4531-98F8-4C46E6B71D5E} = {107F537C-161D-4A22-B8C1-E68A8A92F92A}
		{2CA3F20F-F8C1-41FA-B474-DF4F6C6100F8} = {7B2F2D80-86D0-4639-8E61-92C1E30C4BD0}
		{4971F336-FA81-4222-82A3-0E2AF4047412} = {7B2F2D80-86D0-4639-8E61-92C1E30C4BD0}
		{E65853A1-0187-4BD0-8AB1-1BD85D8786A1} = {7B2F2D80-86D0-4639-8E61-92C1E30C4BD0}
		{710FB7A3-10DB-4139-B8BF-A8ED6210571E} = {7B2F2D80-86D0-4639-8E61-92C1E30C4BD0}
		{BBCD7C0A-37CE-4A3A-8669-53EB869BD85B} = {7B2F2D80-86D0-4639-8E61-92C1E30C4BD0}
		{536FD51A-F0B1-4A26-903B-B5B941B0E3F0} = {7B2F2D80-86D0-4639-8E61-92C1E30C4BD0}
		{7AC90467-BFD9-4964-B19A-DB961798142A} = {7B2F2D80-86D0-4639-8E61-92C1E30C4BD0}
		{AF76917D-5FBB-411C-8C46-323B64F41680} = {7B2F2D80-86D0-4639-8E61-92C1E30C4BD0}
		{356033A5-390C-47AB-B9A4-90689F767469} = {7B2F2D80-86D0-4639-8E61-92C1E30C4BD0}
		{E890F69F-BC52-4708-AD25-A6B8C0D985EF} = {7B2F2D80-86D0-4639-8E61-92C1E30C4BD0}
		{BA6F1E5A-2DA8-49E7-8F31-F62F2AB6DE0B} = {7B2F2D80-86D0-4639-8E61-92C1E30C4BD0}
	EndGlobalSection
	GlobalSection(ExtensibilityGlobals) = postSolution
		SolutionGuid = {E429EABC-2251-413F-8207-DEE051E5F825}
	EndGlobalSection
EndGlobal
